
Microsoft Visual Studio Solution File, Format Version 12.00
# Visual Studio Version 17
VisualStudioVersion = 17.7.34202.233
MinimumVisualStudioVersion = 10.0.40219.1
Project("{2150E333-8FDC-42A3-9474-1A3956D46DE8}") = "Src'", "Src'", "{BD2A98D8-7F3E-4B86-9162-AD5CCBD170AA}"
EndProject
Project("{2150E333-8FDC-42A3-9474-1A3956D46DE8}") = "Test", "Test", "{7251D412-1E47-445C-8D4F-33B3767D56BE}"
EndProject
Project("{2150E333-8FDC-42A3-9474-1A3956D46DE8}") = "Api", "Api", "{2122E683-9C1E-45B2-AE59-C68E1D14A5C5}"
EndProject
Project("{2150E333-8FDC-42A3-9474-1A3956D46DE8}") = "Core", "Core", "{08C281D6-32BB-4E1B-96C1-A26E2904A8D4}"
EndProject
Project("{2150E333-8FDC-42A3-9474-1A3956D46DE8}") = "Infrastruture", "Infrastruture", "{5B5599D0-54D1-4AB6-8B08-BB154A3A652C}"
EndProject
Project("{2150E333-8FDC-42A3-9474-1A3956D46DE8}") = "UI", "UI", "{4496E618-144C-4A43-912B-4F5557939230}"
EndProject
Project("{9A19103F-16F7-4668-BE54-9A1E7A4F7556}") = "Hr_Management.Application", "Hr_Management.Application\Hr_Management.Application.csproj", "{5906C010-359F-440C-B7BF-6BF3D90AD47F}"
EndProject
Project("{9A19103F-16F7-4668-BE54-9A1E7A4F7556}") = "Hr_Management.Domain", "Hr_Management.Domain\Hr_Management.Domain.csproj", "{884E1E04-C2AA-4666-8638-76C7FF10CC14}"
EndProject
Project("{9A19103F-16F7-4668-BE54-9A1E7A4F7556}") = "HrManagement.Infrastructure", "HrManagement.Infrustructure\HrManagement.Infrastructure.csproj", "{A93DDEF0-ACCF-4449-A795-104E37E24A92}"
EndProject
Project("{9A19103F-16F7-4668-BE54-9A1E7A4F7556}") = "HrManagement.Persistence", "HrManagement.Persistence\HrManagement.Persistence.csproj", "{CF5D5262-459E-453E-A660-A8F31BA0FD07}"
EndProject
Project("{FAE04EC0-301F-11D3-BF4B-00C04F79EFBC}") = "HrManagement.Api", "HrManagement.Api\HrManagement.Api.csproj", "{1962D5F2-71AE-4456-B597-56EFCC7796AE}"
EndProject
Global
	GlobalSection(SolutionConfigurationPlatforms) = preSolution
		Debug|Any CPU = Debug|Any CPU
		Release|Any CPU = Release|Any CPU
	EndGlobalSection
	GlobalSection(ProjectConfigurationPlatforms) = postSolution
		{5906C010-359F-440C-B7BF-6BF3D90AD47F}.Debug|Any CPU.ActiveCfg = Debug|Any CPU
		{5906C010-359F-440C-B7BF-6BF3D90AD47F}.Debug|Any CPU.Build.0 = Debug|Any CPU
		{5906C010-359F-440C-B7BF-6BF3D90AD47F}.Release|Any CPU.ActiveCfg = Release|Any CPU
		{5906C010-359F-440C-B7BF-6BF3D90AD47F}.Release|Any CPU.Build.0 = Release|Any CPU
		{884E1E04-C2AA-4666-8638-76C7FF10CC14}.Debug|Any CPU.ActiveCfg = Debug|Any CPU
		{884E1E04-C2AA-4666-8638-76C7FF10CC14}.Debug|Any CPU.Build.0 = Debug|Any CPU
		{884E1E04-C2AA-4666-8638-76C7FF10CC14}.Release|Any CPU.ActiveCfg = Release|Any CPU
		{884E1E04-C2AA-4666-8638-76C7FF10CC14}.Release|Any CPU.Build.0 = Release|Any CPU
		{A93DDEF0-ACCF-4449-A795-104E37E24A92}.Debug|Any CPU.ActiveCfg = Debug|Any CPU
		{A93DDEF0-ACCF-4449-A795-104E37E24A92}.Debug|Any CPU.Build.0 = Debug|Any CPU
		{A93DDEF0-ACCF-4449-A795-104E37E24A92}.Release|Any CPU.ActiveCfg = Release|Any CPU
		{A93DDEF0-ACCF-4449-A795-104E37E24A92}.Release|Any CPU.Build.0 = Release|Any CPU
		{CF5D5262-459E-453E-A660-A8F31BA0FD07}.Debug|Any CPU.ActiveCfg = Debug|Any CPU
		{CF5D5262-459E-453E-A660-A8F31BA0FD07}.Debug|Any CPU.Build.0 = Debug|Any CPU
		{CF5D5262-459E-453E-A660-A8F31BA0FD07}.Release|Any CPU.ActiveCfg = Release|Any CPU
		{CF5D5262-459E-453E-A660-A8F31BA0FD07}.Release|Any CPU.Build.0 = Release|Any CPU
		{1962D5F2-71AE-4456-B597-56EFCC7796AE}.Debug|Any CPU.ActiveCfg = Debug|Any CPU
		{1962D5F2-71AE-4456-B597-56EFCC7796AE}.Debug|Any CPU.Build.0 = Debug|Any CPU
		{1962D5F2-71AE-4456-B597-56EFCC7796AE}.Release|Any CPU.ActiveCfg = Release|Any CPU
		{1962D5F2-71AE-4456-B597-56EFCC7796AE}.Release|Any CPU.Build.0 = Release|Any CPU
	EndGlobalSection
	GlobalSection(SolutionProperties) = preSolution
		HideSolutionNode = FALSE
	EndGlobalSection
	GlobalSection(NestedProjects) = preSolution
		{2122E683-9C1E-45B2-AE59-C68E1D14A5C5} = {BD2A98D8-7F3E-4B86-9162-AD5CCBD170AA}
		{08C281D6-32BB-4E1B-96C1-A26E2904A8D4} = {BD2A98D8-7F3E-4B86-9162-AD5CCBD170AA}
		{5B5599D0-54D1-4AB6-8B08-BB154A3A652C} = {BD2A98D8-7F3E-4B86-9162-AD5CCBD170AA}
		{4496E618-144C-4A43-912B-4F5557939230} = {BD2A98D8-7F3E-4B86-9162-AD5CCBD170AA}
		{5906C010-359F-440C-B7BF-6BF3D90AD47F} = {08C281D6-32BB-4E1B-96C1-A26E2904A8D4}
		{884E1E04-C2AA-4666-8638-76C7FF10CC14} = {08C281D6-32BB-4E1B-96C1-A26E2904A8D4}
		{A93DDEF0-ACCF-4449-A795-104E37E24A92} = {5B5599D0-54D1-4AB6-8B08-BB154A3A652C}
		{CF5D5262-459E-453E-A660-A8F31BA0FD07} = {5B5599D0-54D1-4AB6-8B08-BB154A3A652C}
		{1962D5F2-71AE-4456-B597-56EFCC7796AE} = {2122E683-9C1E-45B2-AE59-C68E1D14A5C5}
	EndGlobalSection
	GlobalSection(ExtensibilityGlobals) = postSolution
		SolutionGuid = {590D7F8C-9A13-435D-A1E7-2BB7AD355267}
	EndGlobalSection
EndGlobal
